
Microsoft Visual Studio Solution File, Format Version 12.00
# Visual Studio Version 17
VisualStudioVersion = 17.5.002.0
MinimumVisualStudioVersion = 10.0.40219.1
Project("{9A19103F-16F7-4668-BE54-9A1E7A4F7556}") = "SPOTYFY", "SPOTYFY.csproj", "{971E2CAD-368B-486E-A069-B1D27D5CF93F}"
EndProject
Global
	GlobalSection(SolutionConfigurationPlatforms) = preSolution
		Debug|Any CPU = Debug|Any CPU
		Release|Any CPU = Release|Any CPU
	EndGlobalSection
	GlobalSection(ProjectConfigurationPlatforms) = postSolution
		{971E2CAD-368B-486E-A069-B1D27D5CF93F}.Debug|Any CPU.ActiveCfg = Debug|Any CPU
		{971E2CAD-368B-486E-A069-B1D27D5CF93F}.Debug|Any CPU.Build.0 = Debug|Any CPU
		{971E2CAD-368B-486E-A069-B1D27D5CF93F}.Release|Any CPU.ActiveCfg = Release|Any CPU
		{971E2CAD-368B-486E-A069-B1D27D5CF93F}.Release|Any CPU.Build.0 = Release|Any CPU
	EndGlobalSection
	GlobalSection(SolutionProperties) = preSolution
		HideSolutionNode = FALSE
	EndGlobalSection
	GlobalSection(ExtensibilityGlobals) = postSolution
		SolutionGuid = {EA628328-3A63-47CC-91DE-8A516DC1A861}
	EndGlobalSection
EndGlobal
